// !$*UTF8*$!
{
	archiveVersion = 1;
	classes = {
	};
	objectVersion = 51;
	objects = {

/* Begin PBXBuildFile section */
		15979804EBA947E7F1DE3030 /* Pods_CoronaVirus.framework in Frameworks */ = {isa = PBXBuildFile; fileRef = 8014BCFF6DCB911B835D2CE9 /* Pods_CoronaVirus.framework */; };
		8426AA5F243A46F3003F6660 /* APIManager.swift in Sources */ = {isa = PBXBuildFile; fileRef = 8426AA5B243A46F3003F6660 /* APIManager.swift */; };
		8426AA60243A46F3003F6660 /* APIRouter.swift in Sources */ = {isa = PBXBuildFile; fileRef = 8426AA5C243A46F3003F6660 /* APIRouter.swift */; };
		8426AA61243A46F3003F6660 /* BaseNetworkManager.swift in Sources */ = {isa = PBXBuildFile; fileRef = 8426AA5D243A46F3003F6660 /* BaseNetworkManager.swift */; };
		8426AA62243A46F3003F6660 /* GenericDataSource.swift in Sources */ = {isa = PBXBuildFile; fileRef = 8426AA5E243A46F3003F6660 /* GenericDataSource.swift */; };
		8426AA69243A4731003F6660 /* CountryStatTests.swift in Sources */ = {isa = PBXBuildFile; fileRef = 8426AA63243A4731003F6660 /* CountryStatTests.swift */; };
		8426AA6A243A4731003F6660 /* APIManagerTests.swift in Sources */ = {isa = PBXBuildFile; fileRef = 8426AA64243A4731003F6660 /* APIManagerTests.swift */; };
		8426AA6B243A4731003F6660 /* summary.json in Resources */ = {isa = PBXBuildFile; fileRef = 8426AA66243A4731003F6660 /* summary.json */; };
		8426AA6C243A4731003F6660 /* country.json in Resources */ = {isa = PBXBuildFile; fileRef = 8426AA67243A4731003F6660 /* country.json */; };
		8426AA70243A4829003F6660 /* CountryStat.swift in Sources */ = {isa = PBXBuildFile; fileRef = 8426AA6F243A4829003F6660 /* CountryStat.swift */; };
		8426AA72243A4966003F6660 /* GlobalStat.swift in Sources */ = {isa = PBXBuildFile; fileRef = 8426AA71243A4966003F6660 /* GlobalStat.swift */; };
		8426AA74243A4A82003F6660 /* SummaryStat.swift in Sources */ = {isa = PBXBuildFile; fileRef = 8426AA73243A4A82003F6660 /* SummaryStat.swift */; };
		8426AA76243A4B20003F6660 /* global.json in Resources */ = {isa = PBXBuildFile; fileRef = 8426AA75243A4B20003F6660 /* global.json */; };
		8426AA79243A4F8B003F6660 /* GlobalStatTests.swift in Sources */ = {isa = PBXBuildFile; fileRef = 8426AA78243A4F8B003F6660 /* GlobalStatTests.swift */; };
		8426AA7B243A4F96003F6660 /* SummaryStatTests.swift in Sources */ = {isa = PBXBuildFile; fileRef = 8426AA7A243A4F96003F6660 /* SummaryStatTests.swift */; };
		84457C3B2438E2480071AD9B /* AppDelegate.swift in Sources */ = {isa = PBXBuildFile; fileRef = 84457C3A2438E2480071AD9B /* AppDelegate.swift */; };
		84457C3D2438E2480071AD9B /* SceneDelegate.swift in Sources */ = {isa = PBXBuildFile; fileRef = 84457C3C2438E2480071AD9B /* SceneDelegate.swift */; };
		84457C422438E2480071AD9B /* Main.storyboard in Resources */ = {isa = PBXBuildFile; fileRef = 84457C402438E2480071AD9B /* Main.storyboard */; };
		84457C442438E24A0071AD9B /* Assets.xcassets in Resources */ = {isa = PBXBuildFile; fileRef = 84457C432438E24A0071AD9B /* Assets.xcassets */; };
		84457C472438E24A0071AD9B /* LaunchScreen.storyboard in Resources */ = {isa = PBXBuildFile; fileRef = 84457C452438E24A0071AD9B /* LaunchScreen.storyboard */; };
		84457C5E2438F6580071AD9B /* HomeController.swift in Sources */ = {isa = PBXBuildFile; fileRef = 84457C5D2438F6580071AD9B /* HomeController.swift */; };
		84457C602438F67D0071AD9B /* SymptomsController.swift in Sources */ = {isa = PBXBuildFile; fileRef = 84457C5F2438F67D0071AD9B /* SymptomsController.swift */; };
		84457C622438F68B0071AD9B /* AdviceController.swift in Sources */ = {isa = PBXBuildFile; fileRef = 84457C612438F68B0071AD9B /* AdviceController.swift */; };
		84457C642438F6990071AD9B /* NewsController.swift in Sources */ = {isa = PBXBuildFile; fileRef = 84457C632438F6990071AD9B /* NewsController.swift */; };
		84457C662438F6A80071AD9B /* ContactController.swift in Sources */ = {isa = PBXBuildFile; fileRef = 84457C652438F6A80071AD9B /* ContactController.swift */; };
		84457C682438F7E10071AD9B /* TabController.swift in Sources */ = {isa = PBXBuildFile; fileRef = 84457C672438F7E10071AD9B /* TabController.swift */; };
		84457C6B2438F8C70071AD9B /* UIViewController+Extension.swift in Sources */ = {isa = PBXBuildFile; fileRef = 84457C6A2438F8C70071AD9B /* UIViewController+Extension.swift */; };
		E3FD203EBCF6F1D335829CE6 /* Pods_CoronaVirusTests.framework in Frameworks */ = {isa = PBXBuildFile; fileRef = 0ED15385189D9C80F828E028 /* Pods_CoronaVirusTests.framework */; };
/* End PBXBuildFile section */

/* Begin PBXContainerItemProxy section */
		84457C4E2438E24B0071AD9B /* PBXContainerItemProxy */ = {
			isa = PBXContainerItemProxy;
			containerPortal = 84457C2F2438E2480071AD9B /* Project object */;
			proxyType = 1;
			remoteGlobalIDString = 84457C362438E2480071AD9B;
			remoteInfo = CoronaVirus;
		};
/* End PBXContainerItemProxy section */

/* Begin PBXFileReference section */
		02289CA986ED0A82C046E041 /* Pods-CoronaVirusTests.release.xcconfig */ = {isa = PBXFileReference; includeInIndex = 1; lastKnownFileType = text.xcconfig; name = "Pods-CoronaVirusTests.release.xcconfig"; path = "Target Support Files/Pods-CoronaVirusTests/Pods-CoronaVirusTests.release.xcconfig"; sourceTree = "<group>"; };
		0ED15385189D9C80F828E028 /* Pods_CoronaVirusTests.framework */ = {isa = PBXFileReference; explicitFileType = wrapper.framework; includeInIndex = 0; path = Pods_CoronaVirusTests.framework; sourceTree = BUILT_PRODUCTS_DIR; };
		241CBCC16ED638EA4EE9F553 /* Pods-CoronaVirus.debug.xcconfig */ = {isa = PBXFileReference; includeInIndex = 1; lastKnownFileType = text.xcconfig; name = "Pods-CoronaVirus.debug.xcconfig"; path = "Target Support Files/Pods-CoronaVirus/Pods-CoronaVirus.debug.xcconfig"; sourceTree = "<group>"; };
		8014BCFF6DCB911B835D2CE9 /* Pods_CoronaVirus.framework */ = {isa = PBXFileReference; explicitFileType = wrapper.framework; includeInIndex = 0; path = Pods_CoronaVirus.framework; sourceTree = BUILT_PRODUCTS_DIR; };
		8426AA5B243A46F3003F6660 /* APIManager.swift */ = {isa = PBXFileReference; fileEncoding = 4; lastKnownFileType = sourcecode.swift; path = APIManager.swift; sourceTree = "<group>"; };
		8426AA5C243A46F3003F6660 /* APIRouter.swift */ = {isa = PBXFileReference; fileEncoding = 4; lastKnownFileType = sourcecode.swift; path = APIRouter.swift; sourceTree = "<group>"; };
		8426AA5D243A46F3003F6660 /* BaseNetworkManager.swift */ = {isa = PBXFileReference; fileEncoding = 4; lastKnownFileType = sourcecode.swift; path = BaseNetworkManager.swift; sourceTree = "<group>"; };
		8426AA5E243A46F3003F6660 /* GenericDataSource.swift */ = {isa = PBXFileReference; fileEncoding = 4; lastKnownFileType = sourcecode.swift; path = GenericDataSource.swift; sourceTree = "<group>"; };
		8426AA63243A4731003F6660 /* CountryStatTests.swift */ = {isa = PBXFileReference; fileEncoding = 4; lastKnownFileType = sourcecode.swift; path = CountryStatTests.swift; sourceTree = "<group>"; };
		8426AA64243A4731003F6660 /* APIManagerTests.swift */ = {isa = PBXFileReference; fileEncoding = 4; lastKnownFileType = sourcecode.swift; path = APIManagerTests.swift; sourceTree = "<group>"; };
		8426AA66243A4731003F6660 /* summary.json */ = {isa = PBXFileReference; fileEncoding = 4; lastKnownFileType = text.json; path = summary.json; sourceTree = "<group>"; };
		8426AA67243A4731003F6660 /* country.json */ = {isa = PBXFileReference; fileEncoding = 4; lastKnownFileType = text.json; path = country.json; sourceTree = "<group>"; };
		8426AA6F243A4829003F6660 /* CountryStat.swift */ = {isa = PBXFileReference; lastKnownFileType = sourcecode.swift; path = CountryStat.swift; sourceTree = "<group>"; };
		8426AA71243A4966003F6660 /* GlobalStat.swift */ = {isa = PBXFileReference; fileEncoding = 4; lastKnownFileType = sourcecode.swift; path = GlobalStat.swift; sourceTree = "<group>"; };
		8426AA73243A4A82003F6660 /* SummaryStat.swift */ = {isa = PBXFileReference; fileEncoding = 4; lastKnownFileType = sourcecode.swift; path = SummaryStat.swift; sourceTree = "<group>"; };
		8426AA75243A4B20003F6660 /* global.json */ = {isa = PBXFileReference; fileEncoding = 4; lastKnownFileType = text.json; path = global.json; sourceTree = "<group>"; };
		8426AA78243A4F8B003F6660 /* GlobalStatTests.swift */ = {isa = PBXFileReference; fileEncoding = 4; lastKnownFileType = sourcecode.swift; path = GlobalStatTests.swift; sourceTree = "<group>"; };
		8426AA7A243A4F96003F6660 /* SummaryStatTests.swift */ = {isa = PBXFileReference; fileEncoding = 4; lastKnownFileType = sourcecode.swift; path = SummaryStatTests.swift; sourceTree = "<group>"; };
		84457C372438E2480071AD9B /* CoronaVirus.app */ = {isa = PBXFileReference; explicitFileType = wrapper.application; includeInIndex = 0; path = CoronaVirus.app; sourceTree = BUILT_PRODUCTS_DIR; };
		84457C3A2438E2480071AD9B /* AppDelegate.swift */ = {isa = PBXFileReference; lastKnownFileType = sourcecode.swift; path = AppDelegate.swift; sourceTree = "<group>"; };
		84457C3C2438E2480071AD9B /* SceneDelegate.swift */ = {isa = PBXFileReference; lastKnownFileType = sourcecode.swift; path = SceneDelegate.swift; sourceTree = "<group>"; };
		84457C412438E2480071AD9B /* Base */ = {isa = PBXFileReference; lastKnownFileType = file.storyboard; name = Base; path = Base.lproj/Main.storyboard; sourceTree = "<group>"; };
		84457C432438E24A0071AD9B /* Assets.xcassets */ = {isa = PBXFileReference; lastKnownFileType = folder.assetcatalog; path = Assets.xcassets; sourceTree = "<group>"; };
		84457C462438E24A0071AD9B /* Base */ = {isa = PBXFileReference; lastKnownFileType = file.storyboard; name = Base; path = Base.lproj/LaunchScreen.storyboard; sourceTree = "<group>"; };
		84457C482438E24A0071AD9B /* Info.plist */ = {isa = PBXFileReference; lastKnownFileType = text.plist.xml; path = Info.plist; sourceTree = "<group>"; };
		84457C4D2438E24B0071AD9B /* CoronaVirusTests.xctest */ = {isa = PBXFileReference; explicitFileType = wrapper.cfbundle; includeInIndex = 0; path = CoronaVirusTests.xctest; sourceTree = BUILT_PRODUCTS_DIR; };
		84457C532438E24B0071AD9B /* Info.plist */ = {isa = PBXFileReference; lastKnownFileType = text.plist.xml; path = Info.plist; sourceTree = "<group>"; };
		84457C5D2438F6580071AD9B /* HomeController.swift */ = {isa = PBXFileReference; lastKnownFileType = sourcecode.swift; path = HomeController.swift; sourceTree = "<group>"; };
		84457C5F2438F67D0071AD9B /* SymptomsController.swift */ = {isa = PBXFileReference; lastKnownFileType = sourcecode.swift; path = SymptomsController.swift; sourceTree = "<group>"; };
		84457C612438F68B0071AD9B /* AdviceController.swift */ = {isa = PBXFileReference; lastKnownFileType = sourcecode.swift; path = AdviceController.swift; sourceTree = "<group>"; };
		84457C632438F6990071AD9B /* NewsController.swift */ = {isa = PBXFileReference; lastKnownFileType = sourcecode.swift; path = NewsController.swift; sourceTree = "<group>"; };
		84457C652438F6A80071AD9B /* ContactController.swift */ = {isa = PBXFileReference; lastKnownFileType = sourcecode.swift; path = ContactController.swift; sourceTree = "<group>"; };
		84457C672438F7E10071AD9B /* TabController.swift */ = {isa = PBXFileReference; lastKnownFileType = sourcecode.swift; path = TabController.swift; sourceTree = "<group>"; };
		84457C6A2438F8C70071AD9B /* UIViewController+Extension.swift */ = {isa = PBXFileReference; lastKnownFileType = sourcecode.swift; path = "UIViewController+Extension.swift"; sourceTree = "<group>"; };
		DAAA8F5CAFFCBF2DFB183E21 /* Pods-CoronaVirusTests.debug.xcconfig */ = {isa = PBXFileReference; includeInIndex = 1; lastKnownFileType = text.xcconfig; name = "Pods-CoronaVirusTests.debug.xcconfig"; path = "Target Support Files/Pods-CoronaVirusTests/Pods-CoronaVirusTests.debug.xcconfig"; sourceTree = "<group>"; };
		E6C4B5986328C3E3401A57AC /* Pods-CoronaVirus.release.xcconfig */ = {isa = PBXFileReference; includeInIndex = 1; lastKnownFileType = text.xcconfig; name = "Pods-CoronaVirus.release.xcconfig"; path = "Target Support Files/Pods-CoronaVirus/Pods-CoronaVirus.release.xcconfig"; sourceTree = "<group>"; };
/* End PBXFileReference section */

/* Begin PBXFrameworksBuildPhase section */
		84457C342438E2480071AD9B /* Frameworks */ = {
			isa = PBXFrameworksBuildPhase;
			buildActionMask = 2147483647;
			files = (
				15979804EBA947E7F1DE3030 /* Pods_CoronaVirus.framework in Frameworks */,
			);
			runOnlyForDeploymentPostprocessing = 0;
		};
		84457C4A2438E24B0071AD9B /* Frameworks */ = {
			isa = PBXFrameworksBuildPhase;
			buildActionMask = 2147483647;
			files = (
				E3FD203EBCF6F1D335829CE6 /* Pods_CoronaVirusTests.framework in Frameworks */,
			);
			runOnlyForDeploymentPostprocessing = 0;
		};
/* End PBXFrameworksBuildPhase section */

/* Begin PBXGroup section */
		4D82FA2A29CDC86D6B013B39 /* Frameworks */ = {
			isa = PBXGroup;
			children = (
				8014BCFF6DCB911B835D2CE9 /* Pods_CoronaVirus.framework */,
				0ED15385189D9C80F828E028 /* Pods_CoronaVirusTests.framework */,
			);
			name = Frameworks;
			sourceTree = "<group>";
		};
		8426AA5A243A46F3003F6660 /* DataManager */ = {
			isa = PBXGroup;
			children = (
				8426AA5B243A46F3003F6660 /* APIManager.swift */,
				8426AA5C243A46F3003F6660 /* APIRouter.swift */,
				8426AA5D243A46F3003F6660 /* BaseNetworkManager.swift */,
				8426AA5E243A46F3003F6660 /* GenericDataSource.swift */,
			);
			path = DataManager;
			sourceTree = "<group>";
		};
		8426AA65243A4731003F6660 /* Resources */ = {
			isa = PBXGroup;
			children = (
				8426AA66243A4731003F6660 /* summary.json */,
				8426AA75243A4B20003F6660 /* global.json */,
				8426AA67243A4731003F6660 /* country.json */,
			);
			path = Resources;
			sourceTree = "<group>";
		};
		8426AA6E243A47FC003F6660 /* Models */ = {
			isa = PBXGroup;
			children = (
				8426AA6F243A4829003F6660 /* CountryStat.swift */,
				8426AA71243A4966003F6660 /* GlobalStat.swift */,
				8426AA73243A4A82003F6660 /* SummaryStat.swift */,
			);
			path = Models;
			sourceTree = "<group>";
		};
		8426AA77243A4F75003F6660 /* ModelTests */ = {
			isa = PBXGroup;
			children = (
				8426AA63243A4731003F6660 /* CountryStatTests.swift */,
				8426AA78243A4F8B003F6660 /* GlobalStatTests.swift */,
				8426AA7A243A4F96003F6660 /* SummaryStatTests.swift */,
			);
			path = ModelTests;
			sourceTree = "<group>";
		};
		84457C2E2438E2480071AD9B = {
			isa = PBXGroup;
			children = (
				84457C392438E2480071AD9B /* CoronaVirus */,
				84457C502438E24B0071AD9B /* CoronaVirusTests */,
				84457C382438E2480071AD9B /* Products */,
				BC272AC2624A7621AA28F157 /* Pods */,
				4D82FA2A29CDC86D6B013B39 /* Frameworks */,
			);
			sourceTree = "<group>";
		};
		84457C382438E2480071AD9B /* Products */ = {
			isa = PBXGroup;
			children = (
				84457C372438E2480071AD9B /* CoronaVirus.app */,
				84457C4D2438E24B0071AD9B /* CoronaVirusTests.xctest */,
			);
			name = Products;
			sourceTree = "<group>";
		};
		84457C392438E2480071AD9B /* CoronaVirus */ = {
			isa = PBXGroup;
			children = (
				8426AA6E243A47FC003F6660 /* Models */,
				8426AA5A243A46F3003F6660 /* DataManager */,
				84457C692438F89E0071AD9B /* Extensions */,
				84457C5C2438F63A0071AD9B /* Controllers */,
				84457C3A2438E2480071AD9B /* AppDelegate.swift */,
				84457C3C2438E2480071AD9B /* SceneDelegate.swift */,
				84457C402438E2480071AD9B /* Main.storyboard */,
				84457C432438E24A0071AD9B /* Assets.xcassets */,
				84457C452438E24A0071AD9B /* LaunchScreen.storyboard */,
				84457C482438E24A0071AD9B /* Info.plist */,
			);
			path = CoronaVirus;
			sourceTree = "<group>";
		};
		84457C502438E24B0071AD9B /* CoronaVirusTests */ = {
			isa = PBXGroup;
			children = (
				8426AA77243A4F75003F6660 /* ModelTests */,
				8426AA65243A4731003F6660 /* Resources */,
				8426AA64243A4731003F6660 /* APIManagerTests.swift */,
				84457C532438E24B0071AD9B /* Info.plist */,
			);
			path = CoronaVirusTests;
			sourceTree = "<group>";
		};
		84457C5C2438F63A0071AD9B /* Controllers */ = {
			isa = PBXGroup;
			children = (
				84457C5D2438F6580071AD9B /* HomeController.swift */,
				84457C5F2438F67D0071AD9B /* SymptomsController.swift */,
				84457C612438F68B0071AD9B /* AdviceController.swift */,
				84457C632438F6990071AD9B /* NewsController.swift */,
				84457C652438F6A80071AD9B /* ContactController.swift */,
				84457C672438F7E10071AD9B /* TabController.swift */,
			);
			path = Controllers;
			sourceTree = "<group>";
		};
		84457C692438F89E0071AD9B /* Extensions */ = {
			isa = PBXGroup;
			children = (
				84457C6A2438F8C70071AD9B /* UIViewController+Extension.swift */,
			);
			path = Extensions;
			sourceTree = "<group>";
		};
		BC272AC2624A7621AA28F157 /* Pods */ = {
			isa = PBXGroup;
			children = (
				241CBCC16ED638EA4EE9F553 /* Pods-CoronaVirus.debug.xcconfig */,
				E6C4B5986328C3E3401A57AC /* Pods-CoronaVirus.release.xcconfig */,
				DAAA8F5CAFFCBF2DFB183E21 /* Pods-CoronaVirusTests.debug.xcconfig */,
				02289CA986ED0A82C046E041 /* Pods-CoronaVirusTests.release.xcconfig */,
			);
			path = Pods;
			sourceTree = "<group>";
		};
/* End PBXGroup section */

/* Begin PBXNativeTarget section */
		84457C362438E2480071AD9B /* CoronaVirus */ = {
			isa = PBXNativeTarget;
			buildConfigurationList = 84457C562438E24B0071AD9B /* Build configuration list for PBXNativeTarget "CoronaVirus" */;
			buildPhases = (
				1A24C51028B7A919F7D65951 /* [CP] Check Pods Manifest.lock */,
				84457C332438E2480071AD9B /* Sources */,
				84457C342438E2480071AD9B /* Frameworks */,
				84457C352438E2480071AD9B /* Resources */,
				4D25D23CDD75D07D88A73E21 /* [CP] Embed Pods Frameworks */,
			);
			buildRules = (
			);
			dependencies = (
			);
			name = CoronaVirus;
			productName = CoronaVirus;
			productReference = 84457C372438E2480071AD9B /* CoronaVirus.app */;
			productType = "com.apple.product-type.application";
		};
		84457C4C2438E24B0071AD9B /* CoronaVirusTests */ = {
			isa = PBXNativeTarget;
			buildConfigurationList = 84457C592438E24B0071AD9B /* Build configuration list for PBXNativeTarget "CoronaVirusTests" */;
			buildPhases = (
				3023CE91F7A20D4F027BCCDD /* [CP] Check Pods Manifest.lock */,
				84457C492438E24B0071AD9B /* Sources */,
				84457C4A2438E24B0071AD9B /* Frameworks */,
				84457C4B2438E24B0071AD9B /* Resources */,
			);
			buildRules = (
			);
			dependencies = (
				84457C4F2438E24B0071AD9B /* PBXTargetDependency */,
			);
			name = CoronaVirusTests;
			productName = CoronaVirusTests;
			productReference = 84457C4D2438E24B0071AD9B /* CoronaVirusTests.xctest */;
			productType = "com.apple.product-type.bundle.unit-test";
		};
/* End PBXNativeTarget section */

/* Begin PBXProject section */
		84457C2F2438E2480071AD9B /* Project object */ = {
			isa = PBXProject;
			attributes = {
				LastSwiftUpdateCheck = 1130;
				LastUpgradeCheck = 1130;
				ORGANIZATIONNAME = "Fitzgerald Afful";
				TargetAttributes = {
					84457C362438E2480071AD9B = {
						CreatedOnToolsVersion = 11.3.1;
					};
					84457C4C2438E24B0071AD9B = {
						CreatedOnToolsVersion = 11.3.1;
						TestTargetID = 84457C362438E2480071AD9B;
					};
				};
			};
			buildConfigurationList = 84457C322438E2480071AD9B /* Build configuration list for PBXProject "CoronaVirus" */;
			compatibilityVersion = "Xcode 9.3";
			developmentRegion = en;
			hasScannedForEncodings = 0;
			knownRegions = (
				en,
				Base,
			);
			mainGroup = 84457C2E2438E2480071AD9B;
			productRefGroup = 84457C382438E2480071AD9B /* Products */;
			projectDirPath = "";
			projectRoot = "";
			targets = (
				84457C362438E2480071AD9B /* CoronaVirus */,
				84457C4C2438E24B0071AD9B /* CoronaVirusTests */,
			);
		};
/* End PBXProject section */

/* Begin PBXResourcesBuildPhase section */
		84457C352438E2480071AD9B /* Resources */ = {
			isa = PBXResourcesBuildPhase;
			buildActionMask = 2147483647;
			files = (
				84457C472438E24A0071AD9B /* LaunchScreen.storyboard in Resources */,
				84457C442438E24A0071AD9B /* Assets.xcassets in Resources */,
				84457C422438E2480071AD9B /* Main.storyboard in Resources */,
			);
			runOnlyForDeploymentPostprocessing = 0;
		};
		84457C4B2438E24B0071AD9B /* Resources */ = {
			isa = PBXResourcesBuildPhase;
			buildActionMask = 2147483647;
			files = (
				8426AA76243A4B20003F6660 /* global.json in Resources */,
				8426AA6B243A4731003F6660 /* summary.json in Resources */,
				8426AA6C243A4731003F6660 /* country.json in Resources */,
			);
			runOnlyForDeploymentPostprocessing = 0;
		};
/* End PBXResourcesBuildPhase section */

/* Begin PBXShellScriptBuildPhase section */
		1A24C51028B7A919F7D65951 /* [CP] Check Pods Manifest.lock */ = {
			isa = PBXShellScriptBuildPhase;
			buildActionMask = 2147483647;
			files = (
			);
			inputFileListPaths = (
			);
			inputPaths = (
				"${PODS_PODFILE_DIR_PATH}/Podfile.lock",
				"${PODS_ROOT}/Manifest.lock",
			);
			name = "[CP] Check Pods Manifest.lock";
			outputFileListPaths = (
			);
			outputPaths = (
				"$(DERIVED_FILE_DIR)/Pods-CoronaVirus-checkManifestLockResult.txt",
			);
			runOnlyForDeploymentPostprocessing = 0;
			shellPath = /bin/sh;
			shellScript = "diff \"${PODS_PODFILE_DIR_PATH}/Podfile.lock\" \"${PODS_ROOT}/Manifest.lock\" > /dev/null\nif [ $? != 0 ] ; then\n    # print error to STDERR\n    echo \"error: The sandbox is not in sync with the Podfile.lock. Run 'pod install' or update your CocoaPods installation.\" >&2\n    exit 1\nfi\n# This output is used by Xcode 'outputs' to avoid re-running this script phase.\necho \"SUCCESS\" > \"${SCRIPT_OUTPUT_FILE_0}\"\n";
			showEnvVarsInLog = 0;
		};
		3023CE91F7A20D4F027BCCDD /* [CP] Check Pods Manifest.lock */ = {
			isa = PBXShellScriptBuildPhase;
			buildActionMask = 2147483647;
			files = (
			);
			inputFileListPaths = (
			);
			inputPaths = (
				"${PODS_PODFILE_DIR_PATH}/Podfile.lock",
				"${PODS_ROOT}/Manifest.lock",
			);
			name = "[CP] Check Pods Manifest.lock";
			outputFileListPaths = (
			);
			outputPaths = (
				"$(DERIVED_FILE_DIR)/Pods-CoronaVirusTests-checkManifestLockResult.txt",
			);
			runOnlyForDeploymentPostprocessing = 0;
			shellPath = /bin/sh;
			shellScript = "diff \"${PODS_PODFILE_DIR_PATH}/Podfile.lock\" \"${PODS_ROOT}/Manifest.lock\" > /dev/null\nif [ $? != 0 ] ; then\n    # print error to STDERR\n    echo \"error: The sandbox is not in sync with the Podfile.lock. Run 'pod install' or update your CocoaPods installation.\" >&2\n    exit 1\nfi\n# This output is used by Xcode 'outputs' to avoid re-running this script phase.\necho \"SUCCESS\" > \"${SCRIPT_OUTPUT_FILE_0}\"\n";
			showEnvVarsInLog = 0;
		};
		4D25D23CDD75D07D88A73E21 /* [CP] Embed Pods Frameworks */ = {
			isa = PBXShellScriptBuildPhase;
			buildActionMask = 2147483647;
			files = (
			);
			inputFileListPaths = (
				"${PODS_ROOT}/Target Support Files/Pods-CoronaVirus/Pods-CoronaVirus-frameworks-${CONFIGURATION}-input-files.xcfilelist",
			);
			name = "[CP] Embed Pods Frameworks";
			outputFileListPaths = (
				"${PODS_ROOT}/Target Support Files/Pods-CoronaVirus/Pods-CoronaVirus-frameworks-${CONFIGURATION}-output-files.xcfilelist",
			);
			runOnlyForDeploymentPostprocessing = 0;
			shellPath = /bin/sh;
			shellScript = "\"${PODS_ROOT}/Target Support Files/Pods-CoronaVirus/Pods-CoronaVirus-frameworks.sh\"\n";
			showEnvVarsInLog = 0;
		};
/* End PBXShellScriptBuildPhase section */

/* Begin PBXSourcesBuildPhase section */
		84457C332438E2480071AD9B /* Sources */ = {
			isa = PBXSourcesBuildPhase;
			buildActionMask = 2147483647;
			files = (
				8426AA70243A4829003F6660 /* CountryStat.swift in Sources */,
				84457C6B2438F8C70071AD9B /* UIViewController+Extension.swift in Sources */,
				84457C602438F67D0071AD9B /* SymptomsController.swift in Sources */,
				8426AA5F243A46F3003F6660 /* APIManager.swift in Sources */,
				84457C682438F7E10071AD9B /* TabController.swift in Sources */,
				84457C622438F68B0071AD9B /* AdviceController.swift in Sources */,
				84457C662438F6A80071AD9B /* ContactController.swift in Sources */,
				84457C5E2438F6580071AD9B /* HomeController.swift in Sources */,
				8426AA72243A4966003F6660 /* GlobalStat.swift in Sources */,
				8426AA61243A46F3003F6660 /* BaseNetworkManager.swift in Sources */,
				8426AA74243A4A82003F6660 /* SummaryStat.swift in Sources */,
				8426AA60243A46F3003F6660 /* APIRouter.swift in Sources */,
				84457C642438F6990071AD9B /* NewsController.swift in Sources */,
				84457C3B2438E2480071AD9B /* AppDelegate.swift in Sources */,
				8426AA62243A46F3003F6660 /* GenericDataSource.swift in Sources */,
				84457C3D2438E2480071AD9B /* SceneDelegate.swift in Sources */,
			);
			runOnlyForDeploymentPostprocessing = 0;
		};
		84457C492438E24B0071AD9B /* Sources */ = {
			isa = PBXSourcesBuildPhase;
			buildActionMask = 2147483647;
			files = (
				8426AA69243A4731003F6660 /* CountryStatTests.swift in Sources */,
				8426AA79243A4F8B003F6660 /* GlobalStatTests.swift in Sources */,
				8426AA7B243A4F96003F6660 /* SummaryStatTests.swift in Sources */,
				8426AA6A243A4731003F6660 /* APIManagerTests.swift in Sources */,
			);
			runOnlyForDeploymentPostprocessing = 0;
		};
/* End PBXSourcesBuildPhase section */

/* Begin PBXTargetDependency section */
		84457C4F2438E24B0071AD9B /* PBXTargetDependency */ = {
			isa = PBXTargetDependency;
			target = 84457C362438E2480071AD9B /* CoronaVirus */;
			targetProxy = 84457C4E2438E24B0071AD9B /* PBXContainerItemProxy */;
		};
/* End PBXTargetDependency section */

/* Begin PBXVariantGroup section */
		84457C402438E2480071AD9B /* Main.storyboard */ = {
			isa = PBXVariantGroup;
			children = (
				84457C412438E2480071AD9B /* Base */,
			);
			name = Main.storyboard;
			sourceTree = "<group>";
		};
		84457C452438E24A0071AD9B /* LaunchScreen.storyboard */ = {
			isa = PBXVariantGroup;
			children = (
				84457C462438E24A0071AD9B /* Base */,
			);
			name = LaunchScreen.storyboard;
			sourceTree = "<group>";
		};
/* End PBXVariantGroup section */

/* Begin XCBuildConfiguration section */
		84457C542438E24B0071AD9B /* Debug */ = {
			isa = XCBuildConfiguration;
			buildSettings = {
				ALWAYS_SEARCH_USER_PATHS = NO;
				CLANG_ANALYZER_NONNULL = YES;
				CLANG_ANALYZER_NUMBER_OBJECT_CONVERSION = YES_AGGRESSIVE;
				CLANG_CXX_LANGUAGE_STANDARD = "gnu++14";
				CLANG_CXX_LIBRARY = "libc++";
				CLANG_ENABLE_MODULES = YES;
				CLANG_ENABLE_OBJC_ARC = YES;
				CLANG_ENABLE_OBJC_WEAK = YES;
				CLANG_WARN_BLOCK_CAPTURE_AUTORELEASING = YES;
				CLANG_WARN_BOOL_CONVERSION = YES;
				CLANG_WARN_COMMA = YES;
				CLANG_WARN_CONSTANT_CONVERSION = YES;
				CLANG_WARN_DEPRECATED_OBJC_IMPLEMENTATIONS = YES;
				CLANG_WARN_DIRECT_OBJC_ISA_USAGE = YES_ERROR;
				CLANG_WARN_DOCUMENTATION_COMMENTS = YES;
				CLANG_WARN_EMPTY_BODY = YES;
				CLANG_WARN_ENUM_CONVERSION = YES;
				CLANG_WARN_INFINITE_RECURSION = YES;
				CLANG_WARN_INT_CONVERSION = YES;
				CLANG_WARN_NON_LITERAL_NULL_CONVERSION = YES;
				CLANG_WARN_OBJC_IMPLICIT_RETAIN_SELF = YES;
				CLANG_WARN_OBJC_LITERAL_CONVERSION = YES;
				CLANG_WARN_OBJC_ROOT_CLASS = YES_ERROR;
				CLANG_WARN_RANGE_LOOP_ANALYSIS = YES;
				CLANG_WARN_STRICT_PROTOTYPES = YES;
				CLANG_WARN_SUSPICIOUS_MOVE = YES;
				CLANG_WARN_UNGUARDED_AVAILABILITY = YES_AGGRESSIVE;
				CLANG_WARN_UNREACHABLE_CODE = YES;
				CLANG_WARN__DUPLICATE_METHOD_MATCH = YES;
				COPY_PHASE_STRIP = NO;
				DEBUG_INFORMATION_FORMAT = dwarf;
				ENABLE_STRICT_OBJC_MSGSEND = YES;
				ENABLE_TESTABILITY = YES;
				GCC_C_LANGUAGE_STANDARD = gnu11;
				GCC_DYNAMIC_NO_PIC = NO;
				GCC_NO_COMMON_BLOCKS = YES;
				GCC_OPTIMIZATION_LEVEL = 0;
				GCC_PREPROCESSOR_DEFINITIONS = (
					"DEBUG=1",
					"$(inherited)",
				);
				GCC_WARN_64_TO_32_BIT_CONVERSION = YES;
				GCC_WARN_ABOUT_RETURN_TYPE = YES_ERROR;
				GCC_WARN_UNDECLARED_SELECTOR = YES;
				GCC_WARN_UNINITIALIZED_AUTOS = YES_AGGRESSIVE;
				GCC_WARN_UNUSED_FUNCTION = YES;
				GCC_WARN_UNUSED_VARIABLE = YES;
				IPHONEOS_DEPLOYMENT_TARGET = 11.0;
				MTL_ENABLE_DEBUG_INFO = INCLUDE_SOURCE;
				MTL_FAST_MATH = YES;
				ONLY_ACTIVE_ARCH = YES;
				SDKROOT = iphoneos;
				SWIFT_ACTIVE_COMPILATION_CONDITIONS = DEBUG;
				SWIFT_OPTIMIZATION_LEVEL = "-Onone";
			};
			name = Debug;
		};
		84457C552438E24B0071AD9B /* Release */ = {
			isa = XCBuildConfiguration;
			buildSettings = {
				ALWAYS_SEARCH_USER_PATHS = NO;
				CLANG_ANALYZER_NONNULL = YES;
				CLANG_ANALYZER_NUMBER_OBJECT_CONVERSION = YES_AGGRESSIVE;
				CLANG_CXX_LANGUAGE_STANDARD = "gnu++14";
				CLANG_CXX_LIBRARY = "libc++";
				CLANG_ENABLE_MODULES = YES;
				CLANG_ENABLE_OBJC_ARC = YES;
				CLANG_ENABLE_OBJC_WEAK = YES;
				CLANG_WARN_BLOCK_CAPTURE_AUTORELEASING = YES;
				CLANG_WARN_BOOL_CONVERSION = YES;
				CLANG_WARN_COMMA = YES;
				CLANG_WARN_CONSTANT_CONVERSION = YES;
				CLANG_WARN_DEPRECATED_OBJC_IMPLEMENTATIONS = YES;
				CLANG_WARN_DIRECT_OBJC_ISA_USAGE = YES_ERROR;
				CLANG_WARN_DOCUMENTATION_COMMENTS = YES;
				CLANG_WARN_EMPTY_BODY = YES;
				CLANG_WARN_ENUM_CONVERSION = YES;
				CLANG_WARN_INFINITE_RECURSION = YES;
				CLANG_WARN_INT_CONVERSION = YES;
				CLANG_WARN_NON_LITERAL_NULL_CONVERSION = YES;
				CLANG_WARN_OBJC_IMPLICIT_RETAIN_SELF = YES;
				CLANG_WARN_OBJC_LITERAL_CONVERSION = YES;
				CLANG_WARN_OBJC_ROOT_CLASS = YES_ERROR;
				CLANG_WARN_RANGE_LOOP_ANALYSIS = YES;
				CLANG_WARN_STRICT_PROTOTYPES = YES;
				CLANG_WARN_SUSPICIOUS_MOVE = YES;
				CLANG_WARN_UNGUARDED_AVAILABILITY = YES_AGGRESSIVE;
				CLANG_WARN_UNREACHABLE_CODE = YES;
				CLANG_WARN__DUPLICATE_METHOD_MATCH = YES;
				COPY_PHASE_STRIP = NO;
				DEBUG_INFORMATION_FORMAT = "dwarf-with-dsym";
				ENABLE_NS_ASSERTIONS = NO;
				ENABLE_STRICT_OBJC_MSGSEND = YES;
				GCC_C_LANGUAGE_STANDARD = gnu11;
				GCC_NO_COMMON_BLOCKS = YES;
				GCC_WARN_64_TO_32_BIT_CONVERSION = YES;
				GCC_WARN_ABOUT_RETURN_TYPE = YES_ERROR;
				GCC_WARN_UNDECLARED_SELECTOR = YES;
				GCC_WARN_UNINITIALIZED_AUTOS = YES_AGGRESSIVE;
				GCC_WARN_UNUSED_FUNCTION = YES;
				GCC_WARN_UNUSED_VARIABLE = YES;
				IPHONEOS_DEPLOYMENT_TARGET = 11.0;
				MTL_ENABLE_DEBUG_INFO = NO;
				MTL_FAST_MATH = YES;
				SDKROOT = iphoneos;
				SWIFT_COMPILATION_MODE = wholemodule;
				SWIFT_OPTIMIZATION_LEVEL = "-O";
				VALIDATE_PRODUCT = YES;
			};
			name = Release;
		};
		84457C572438E24B0071AD9B /* Debug */ = {
			isa = XCBuildConfiguration;
			baseConfigurationReference = 241CBCC16ED638EA4EE9F553 /* Pods-CoronaVirus.debug.xcconfig */;
			buildSettings = {
				ASSETCATALOG_COMPILER_APPICON_NAME = AppIcon;
				CODE_SIGN_STYLE = Automatic;
				DEVELOPMENT_TEAM = 3R59NXK675;
				INFOPLIST_FILE = CoronaVirus/Info.plist;
				LD_RUNPATH_SEARCH_PATHS = (
					"$(inherited)",
					"@executable_path/Frameworks",
				);
				PRODUCT_BUNDLE_IDENTIFIER = technation.CoronaVirus;
				PRODUCT_NAME = "$(TARGET_NAME)";
				SWIFT_VERSION = 5.0;
				TARGETED_DEVICE_FAMILY = "1,2";
			};
			name = Debug;
		};
		84457C582438E24B0071AD9B /* Release */ = {
			isa = XCBuildConfiguration;
			baseConfigurationReference = E6C4B5986328C3E3401A57AC /* Pods-CoronaVirus.release.xcconfig */;
			buildSettings = {
				ASSETCATALOG_COMPILER_APPICON_NAME = AppIcon;
				CODE_SIGN_STYLE = Automatic;
				DEVELOPMENT_TEAM = 3R59NXK675;
				INFOPLIST_FILE = CoronaVirus/Info.plist;
				LD_RUNPATH_SEARCH_PATHS = (
					"$(inherited)",
					"@executable_path/Frameworks",
				);
				PRODUCT_BUNDLE_IDENTIFIER = technation.CoronaVirus;
				PRODUCT_NAME = "$(TARGET_NAME)";
				SWIFT_VERSION = 5.0;
				TARGETED_DEVICE_FAMILY = "1,2";
			};
			name = Release;
		};
		84457C5A2438E24B0071AD9B /* Debug */ = {
			isa = XCBuildConfiguration;
			baseConfigurationReference = DAAA8F5CAFFCBF2DFB183E21 /* Pods-CoronaVirusTests.debug.xcconfig */;
			buildSettings = {
				ALWAYS_EMBED_SWIFT_STANDARD_LIBRARIES = YES;
				BUNDLE_LOADER = "$(TEST_HOST)";
				CODE_SIGN_STYLE = Automatic;
				DEVELOPMENT_TEAM = 3R59NXK675;
				INFOPLIST_FILE = CoronaVirusTests/Info.plist;
				IPHONEOS_DEPLOYMENT_TARGET = 13.2;
				LD_RUNPATH_SEARCH_PATHS = (
					"$(inherited)",
					"@executable_path/Frameworks",
					"@loader_path/Frameworks",
				);
				PRODUCT_BUNDLE_IDENTIFIER = technation.CoronaVirusTests;
				PRODUCT_NAME = "$(TARGET_NAME)";
				SWIFT_VERSION = 5.0;
				TARGETED_DEVICE_FAMILY = "1,2";
				TEST_HOST = "$(BUILT_PRODUCTS_DIR)/CoronaVirus.app/CoronaVirus";
			};
			name = Debug;
		};
		84457C5B2438E24B0071AD9B /* Release */ = {
			isa = XCBuildConfiguration;
			baseConfigurationReference = 02289CA986ED0A82C046E041 /* Pods-CoronaVirusTests.release.xcconfig */;
			buildSettings = {
				ALWAYS_EMBED_SWIFT_STANDARD_LIBRARIES = YES;
				BUNDLE_LOADER = "$(TEST_HOST)";
				CODE_SIGN_STYLE = Automatic;
				DEVELOPMENT_TEAM = 3R59NXK675;
				INFOPLIST_FILE = CoronaVirusTests/Info.plist;
				IPHONEOS_DEPLOYMENT_TARGET = 13.2;
				LD_RUNPATH_SEARCH_PATHS = (
					"$(inherited)",
					"@executable_path/Frameworks",
					"@loader_path/Frameworks",
				);
				PRODUCT_BUNDLE_IDENTIFIER = technation.CoronaVirusTests;
				PRODUCT_NAME = "$(TARGET_NAME)";
				SWIFT_VERSION = 5.0;
				TARGETED_DEVICE_FAMILY = "1,2";
				TEST_HOST = "$(BUILT_PRODUCTS_DIR)/CoronaVirus.app/CoronaVirus";
			};
			name = Release;
		};
/* End XCBuildConfiguration section */

/* Begin XCConfigurationList section */
		84457C322438E2480071AD9B /* Build configuration list for PBXProject "CoronaVirus" */ = {
			isa = XCConfigurationList;
			buildConfigurations = (
				84457C542438E24B0071AD9B /* Debug */,
				84457C552438E24B0071AD9B /* Release */,
			);
			defaultConfigurationIsVisible = 0;
			defaultConfigurationName = Release;
		};
		84457C562438E24B0071AD9B /* Build configuration list for PBXNativeTarget "CoronaVirus" */ = {
			isa = XCConfigurationList;
			buildConfigurations = (
				84457C572438E24B0071AD9B /* Debug */,
				84457C582438E24B0071AD9B /* Release */,
			);
			defaultConfigurationIsVisible = 0;
			defaultConfigurationName = Release;
		};
		84457C592438E24B0071AD9B /* Build configuration list for PBXNativeTarget "CoronaVirusTests" */ = {
			isa = XCConfigurationList;
			buildConfigurations = (
				84457C5A2438E24B0071AD9B /* Debug */,
				84457C5B2438E24B0071AD9B /* Release */,
			);
			defaultConfigurationIsVisible = 0;
			defaultConfigurationName = Release;
		};
/* End XCConfigurationList section */
	};
	rootObject = 84457C2F2438E2480071AD9B /* Project object */;
}
